
Microsoft Visual Studio Solution File, Format Version 10.00
# Visual Studio 2008
Project("{8BC9CEB8-8B4A-11D0-8D11-00A0C91BC942}") = "C Practice", "C Practice\C Practice.vcproj", "{737AFC1B-FB53-4487-A086-2F617DFEAE1D}"
EndProject
Global
	GlobalSection(SolutionConfigurationPlatforms) = preSolution
		Debug|Win32 = Debug|Win32
		Release|Win32 = Release|Win32
	EndGlobalSection
	GlobalSection(ProjectConfigurationPlatforms) = postSolution
		{737AFC1B-FB53-4487-A086-2F617DFEAE1D}.Debug|Win32.ActiveCfg = Debug|Win32
		{737AFC1B-FB53-4487-A086-2F617DFEAE1D}.Debug|Win32.Build.0 = Debug|Win32
		{737AFC1B-FB53-4487-A086-2F617DFEAE1D}.Release|Win32.ActiveCfg = Release|Win32
		{737AFC1B-FB53-4487-A086-2F617DFEAE1D}.Release|Win32.Build.0 = Release|Win32
	EndGlobalSection
	GlobalSection(SolutionProperties) = preSolution
		HideSolutionNode = FALSE
	EndGlobalSection
EndGlobal
